
Microsoft Visual Studio Solution File, Format Version 12.00
# Visual Studio Version 16
VisualStudioVersion = 16.0.31402.337
MinimumVisualStudioVersion = 10.0.40219.1
Project("{9A19103F-16F7-4668-BE54-9A1E7A4F7556}") = "KCSit.SalesforceAcademy.Lasagna.Data", "KCSit.SalesforceAcademy.Lasagna.Data\KCSit.SalesforceAcademy.Lasagna.Data.csproj", "{02EAA36F-8559-43B9-9C82-8A2DA5EE5DDB}"
EndProject
Project("{9A19103F-16F7-4668-BE54-9A1E7A4F7556}") = "Lasagna", "Lasagna\Lasagna.csproj", "{D7FFF518-8592-44DE-ABED-565CF264B348}"
EndProject
Project("{9A19103F-16F7-4668-BE54-9A1E7A4F7556}") = "KCSit.SalesforceAcademy.Lasagna.DataAccess", "KCSit.SalesforceAcademy.Lasagna.DataAccess\KCSit.SalesforceAcademy.Lasagna.DataAccess.csproj", "{7EA110CF-F8A4-48BF-B5CC-39264CCCE6F8}"
EndProject
Project("{9A19103F-16F7-4668-BE54-9A1E7A4F7556}") = "Rui", "Rui\Rui.csproj", "{13E906A5-4BE2-4E48-8EE6-20C19546A31B}"
EndProject
Project("{9A19103F-16F7-4668-BE54-9A1E7A4F7556}") = "KCSit.SalesforceAcademy.Lasagna.WebApp", "KCSit.SalesforceAcademy.Lasagna.WebApp\KCSit.SalesforceAcademy.Lasagna.WebApp.csproj", "{2D2756A6-F948-42B9-A6C0-FB2620B6F833}"
EndProject
Project("{9A19103F-16F7-4668-BE54-9A1E7A4F7556}") = "Pedro", "Pedro\Pedro.csproj", "{99132220-D382-485F-941C-794E7801D136}"
EndProject
Project("{9A19103F-16F7-4668-BE54-9A1E7A4F7556}") = "Raul", "Raul\Raul.csproj", "{A65A8070-0FEF-48F7-8BF0-8F8F4914C0E7}"
EndProject
Project("{9A19103F-16F7-4668-BE54-9A1E7A4F7556}") = "KCSit.SalesforceAcademy.Lasagna.Business", "KCSit.SalesforceAcademy.Lasagna.Business\KCSit.SalesforceAcademy.Lasagna.Business.csproj", "{5BFAE899-F68E-45C6-AF68-897A3F6F532F}"
EndProject
Global
	GlobalSection(SolutionConfigurationPlatforms) = preSolution
		Debug|Any CPU = Debug|Any CPU
		Release|Any CPU = Release|Any CPU
	EndGlobalSection
	GlobalSection(ProjectConfigurationPlatforms) = postSolution
		{02EAA36F-8559-43B9-9C82-8A2DA5EE5DDB}.Debug|Any CPU.ActiveCfg = Debug|Any CPU
		{02EAA36F-8559-43B9-9C82-8A2DA5EE5DDB}.Debug|Any CPU.Build.0 = Debug|Any CPU
		{02EAA36F-8559-43B9-9C82-8A2DA5EE5DDB}.Release|Any CPU.ActiveCfg = Release|Any CPU
		{02EAA36F-8559-43B9-9C82-8A2DA5EE5DDB}.Release|Any CPU.Build.0 = Release|Any CPU
		{D7FFF518-8592-44DE-ABED-565CF264B348}.Debug|Any CPU.ActiveCfg = Debug|Any CPU
		{D7FFF518-8592-44DE-ABED-565CF264B348}.Debug|Any CPU.Build.0 = Debug|Any CPU
		{D7FFF518-8592-44DE-ABED-565CF264B348}.Release|Any CPU.ActiveCfg = Release|Any CPU
		{D7FFF518-8592-44DE-ABED-565CF264B348}.Release|Any CPU.Build.0 = Release|Any CPU
		{7EA110CF-F8A4-48BF-B5CC-39264CCCE6F8}.Debug|Any CPU.ActiveCfg = Debug|Any CPU
		{7EA110CF-F8A4-48BF-B5CC-39264CCCE6F8}.Debug|Any CPU.Build.0 = Debug|Any CPU
		{7EA110CF-F8A4-48BF-B5CC-39264CCCE6F8}.Release|Any CPU.ActiveCfg = Release|Any CPU
		{7EA110CF-F8A4-48BF-B5CC-39264CCCE6F8}.Release|Any CPU.Build.0 = Release|Any CPU
		{13E906A5-4BE2-4E48-8EE6-20C19546A31B}.Debug|Any CPU.ActiveCfg = Debug|Any CPU
		{13E906A5-4BE2-4E48-8EE6-20C19546A31B}.Debug|Any CPU.Build.0 = Debug|Any CPU
		{13E906A5-4BE2-4E48-8EE6-20C19546A31B}.Release|Any CPU.ActiveCfg = Release|Any CPU
		{13E906A5-4BE2-4E48-8EE6-20C19546A31B}.Release|Any CPU.Build.0 = Release|Any CPU
		{2D2756A6-F948-42B9-A6C0-FB2620B6F833}.Debug|Any CPU.ActiveCfg = Debug|Any CPU
		{2D2756A6-F948-42B9-A6C0-FB2620B6F833}.Debug|Any CPU.Build.0 = Debug|Any CPU
		{2D2756A6-F948-42B9-A6C0-FB2620B6F833}.Release|Any CPU.ActiveCfg = Release|Any CPU
		{2D2756A6-F948-42B9-A6C0-FB2620B6F833}.Release|Any CPU.Build.0 = Release|Any CPU
		{99132220-D382-485F-941C-794E7801D136}.Debug|Any CPU.ActiveCfg = Debug|Any CPU
		{99132220-D382-485F-941C-794E7801D136}.Debug|Any CPU.Build.0 = Debug|Any CPU
		{99132220-D382-485F-941C-794E7801D136}.Release|Any CPU.ActiveCfg = Release|Any CPU
		{99132220-D382-485F-941C-794E7801D136}.Release|Any CPU.Build.0 = Release|Any CPU
		{A65A8070-0FEF-48F7-8BF0-8F8F4914C0E7}.Debug|Any CPU.ActiveCfg = Debug|Any CPU
		{A65A8070-0FEF-48F7-8BF0-8F8F4914C0E7}.Debug|Any CPU.Build.0 = Debug|Any CPU
		{A65A8070-0FEF-48F7-8BF0-8F8F4914C0E7}.Release|Any CPU.ActiveCfg = Release|Any CPU
		{A65A8070-0FEF-48F7-8BF0-8F8F4914C0E7}.Release|Any CPU.Build.0 = Release|Any CPU
		{5BFAE899-F68E-45C6-AF68-897A3F6F532F}.Debug|Any CPU.ActiveCfg = Debug|Any CPU
		{5BFAE899-F68E-45C6-AF68-897A3F6F532F}.Debug|Any CPU.Build.0 = Debug|Any CPU
		{5BFAE899-F68E-45C6-AF68-897A3F6F532F}.Release|Any CPU.ActiveCfg = Release|Any CPU
		{5BFAE899-F68E-45C6-AF68-897A3F6F532F}.Release|Any CPU.Build.0 = Release|Any CPU
	EndGlobalSection
	GlobalSection(SolutionProperties) = preSolution
		HideSolutionNode = FALSE
	EndGlobalSection
	GlobalSection(ExtensibilityGlobals) = postSolution
		SolutionGuid = {F218E23E-5220-42BB-86D0-B1D6BA753B49}
	EndGlobalSection
EndGlobal
