
Microsoft Visual Studio Solution File, Format Version 12.00
# Visual Studio Version 16
VisualStudioVersion = 16.0.31402.337
MinimumVisualStudioVersion = 10.0.40219.1
Project("{FAE04EC0-301F-11D3-BF4B-00C04F79EFBC}") = "lasagna", "lasagna\lasagna.csproj", "{2E1CDDF4-E295-429C-A6D1-2A34936A118E}"
EndProject
Global
	GlobalSection(SolutionConfigurationPlatforms) = preSolution
		Debug|Any CPU = Debug|Any CPU
		Release|Any CPU = Release|Any CPU
	EndGlobalSection
	GlobalSection(ProjectConfigurationPlatforms) = postSolution
		{2E1CDDF4-E295-429C-A6D1-2A34936A118E}.Debug|Any CPU.ActiveCfg = Debug|Any CPU
		{2E1CDDF4-E295-429C-A6D1-2A34936A118E}.Debug|Any CPU.Build.0 = Debug|Any CPU
		{2E1CDDF4-E295-429C-A6D1-2A34936A118E}.Release|Any CPU.ActiveCfg = Release|Any CPU
		{2E1CDDF4-E295-429C-A6D1-2A34936A118E}.Release|Any CPU.Build.0 = Release|Any CPU
	EndGlobalSection
	GlobalSection(SolutionProperties) = preSolution
		HideSolutionNode = FALSE
	EndGlobalSection
	GlobalSection(ExtensibilityGlobals) = postSolution
		SolutionGuid = {A30C977D-52FB-401E-A432-11A86E664CE2}
	EndGlobalSection
EndGlobal
